
Microsoft Visual Studio Solution File, Format Version 12.00
# Visual Studio 15
VisualStudioVersion = 15.0.28307.645
MinimumVisualStudioVersion = 10.0.40219.1
Project("{FAE04EC0-301F-11D3-BF4B-00C04F79EFBC}") = "RazorPagesMega", "RazorPagesMega\RazorPagesMega.csproj", "{F947C0AF-FFCB-4644-B5C7-888A7144C832}"
EndProject
Global
	GlobalSection(SolutionConfigurationPlatforms) = preSolution
		Debug|Any CPU = Debug|Any CPU
		Release|Any CPU = Release|Any CPU
	EndGlobalSection
	GlobalSection(ProjectConfigurationPlatforms) = postSolution
		{F947C0AF-FFCB-4644-B5C7-888A7144C832}.Debug|Any CPU.ActiveCfg = Debug|Any CPU
		{F947C0AF-FFCB-4644-B5C7-888A7144C832}.Debug|Any CPU.Build.0 = Debug|Any CPU
		{F947C0AF-FFCB-4644-B5C7-888A7144C832}.Release|Any CPU.ActiveCfg = Release|Any CPU
		{F947C0AF-FFCB-4644-B5C7-888A7144C832}.Release|Any CPU.Build.0 = Release|Any CPU
	EndGlobalSection
	GlobalSection(SolutionProperties) = preSolution
		HideSolutionNode = FALSE
	EndGlobalSection
	GlobalSection(ExtensibilityGlobals) = postSolution
		SolutionGuid = {9A677BDE-E273-4BC3-8936-4C7F294AF36C}
	EndGlobalSection
EndGlobal
